
Microsoft Visual Studio Solution File, Format Version 12.00
# Visual Studio Version 17
VisualStudioVersion = 17.10.35201.131
MinimumVisualStudioVersion = 10.0.40219.1
Project("{2150E333-8FDC-42A3-9474-1A3956D46DE8}") = "src", "src", "{7891417A-7D10-4F54-9AAE-ABD8C1E97DAB}"
EndProject
Project("{2150E333-8FDC-42A3-9474-1A3956D46DE8}") = "01-Domain", "01-Domain", "{D119054F-6157-4A89-8EB8-E42A097C4646}"
EndProject
Project("{2150E333-8FDC-42A3-9474-1A3956D46DE8}") = "Core", "Core", "{B8DB04B8-D8AF-4928-B73D-370C75BA25AB}"
EndProject
Project("{9A19103F-16F7-4668-BE54-9A1E7A4F7556}") = "App.Domain.Core", "App.Domain.Core\App.Domain.Core.csproj", "{E8762B01-8628-4D96-8998-379299B0DB72}"
EndProject
Project("{2150E333-8FDC-42A3-9474-1A3956D46DE8}") = "Services", "Services", "{8A83C560-EBD4-42BF-B892-F6A05D817211}"
EndProject
Project("{2150E333-8FDC-42A3-9474-1A3956D46DE8}") = "02-Infrastructures", "02-Infrastructures", "{6A651FB4-895D-4B18-BF21-FAC56536793F}"
EndProject
Project("{2150E333-8FDC-42A3-9474-1A3956D46DE8}") = "03-EndPoints", "03-EndPoints", "{9911C21C-8B03-45A9-8E57-4FD6135FC594}"
EndProject
Project("{2150E333-8FDC-42A3-9474-1A3956D46DE8}") = "DataAccess", "DataAccess", "{9F35AFA7-B518-4C22-89AC-773C10083446}"
EndProject
Project("{2150E333-8FDC-42A3-9474-1A3956D46DE8}") = "Db", "Db", "{A92DC15D-BA06-427F-AAB6-A2D3ECD49591}"
EndProject
Project("{9A19103F-16F7-4668-BE54-9A1E7A4F7556}") = "App.Infra.Data.Repos.Ef", "App.Infra.Data.Repos.Ef\App.Infra.Data.Repos.Ef.csproj", "{3756AB4B-31C3-46D3-8D04-E9FEB0C25CD6}"
EndProject
Project("{9A19103F-16F7-4668-BE54-9A1E7A4F7556}") = "App.Infra.Data.Db.SqlServer.Ef", "App.Infra.Data.Db.SqlServer.Ef\App.Infra.Data.Db.SqlServer.Ef.csproj", "{DE3B9B1A-FE6C-4EE6-A640-73B678F36008}"
EndProject
Project("{9A19103F-16F7-4668-BE54-9A1E7A4F7556}") = "AccountingMVC", "AccountingMVC\AccountingMVC.csproj", "{355B4B41-D2EC-449B-899F-DB8835C456E5}"
EndProject
Project("{FAE04EC0-301F-11D3-BF4B-00C04F79EFBC}") = "AccountingAPI", "AccountingApi\AccountingAPI.csproj", "{30AC0C28-66D8-4BB2-94BC-E555550C372E}"
EndProject
Project("{FAE04EC0-301F-11D3-BF4B-00C04F79EFBC}") = "App.Domain.Services", "App.Domain.Services\App.Domain.Services.csproj", "{4E77628C-4432-4D34-9E12-CB9E6EFEB176}"
EndProject
Project("{FAE04EC0-301F-11D3-BF4B-00C04F79EFBC}") = "App.Domain.AppServices", "App.Domain.AppServices\App.Domain.AppServices.csproj", "{02CCE9E6-5027-4D5C-B59A-F48B5000BA13}"
EndProject
Global
	GlobalSection(SolutionConfigurationPlatforms) = preSolution
		Debug|Any CPU = Debug|Any CPU
		Release|Any CPU = Release|Any CPU
	EndGlobalSection
	GlobalSection(ProjectConfigurationPlatforms) = postSolution
		{E8762B01-8628-4D96-8998-379299B0DB72}.Debug|Any CPU.ActiveCfg = Debug|Any CPU
		{E8762B01-8628-4D96-8998-379299B0DB72}.Debug|Any CPU.Build.0 = Debug|Any CPU
		{E8762B01-8628-4D96-8998-379299B0DB72}.Release|Any CPU.ActiveCfg = Release|Any CPU
		{E8762B01-8628-4D96-8998-379299B0DB72}.Release|Any CPU.Build.0 = Release|Any CPU
		{3756AB4B-31C3-46D3-8D04-E9FEB0C25CD6}.Debug|Any CPU.ActiveCfg = Debug|Any CPU
		{3756AB4B-31C3-46D3-8D04-E9FEB0C25CD6}.Debug|Any CPU.Build.0 = Debug|Any CPU
		{3756AB4B-31C3-46D3-8D04-E9FEB0C25CD6}.Release|Any CPU.ActiveCfg = Release|Any CPU
		{3756AB4B-31C3-46D3-8D04-E9FEB0C25CD6}.Release|Any CPU.Build.0 = Release|Any CPU
		{DE3B9B1A-FE6C-4EE6-A640-73B678F36008}.Debug|Any CPU.ActiveCfg = Debug|Any CPU
		{DE3B9B1A-FE6C-4EE6-A640-73B678F36008}.Debug|Any CPU.Build.0 = Debug|Any CPU
		{DE3B9B1A-FE6C-4EE6-A640-73B678F36008}.Release|Any CPU.ActiveCfg = Release|Any CPU
		{DE3B9B1A-FE6C-4EE6-A640-73B678F36008}.Release|Any CPU.Build.0 = Release|Any CPU
		{355B4B41-D2EC-449B-899F-DB8835C456E5}.Debug|Any CPU.ActiveCfg = Debug|Any CPU
		{355B4B41-D2EC-449B-899F-DB8835C456E5}.Debug|Any CPU.Build.0 = Debug|Any CPU
		{355B4B41-D2EC-449B-899F-DB8835C456E5}.Release|Any CPU.ActiveCfg = Release|Any CPU
		{355B4B41-D2EC-449B-899F-DB8835C456E5}.Release|Any CPU.Build.0 = Release|Any CPU
		{30AC0C28-66D8-4BB2-94BC-E555550C372E}.Debug|Any CPU.ActiveCfg = Debug|Any CPU
		{30AC0C28-66D8-4BB2-94BC-E555550C372E}.Debug|Any CPU.Build.0 = Debug|Any CPU
		{30AC0C28-66D8-4BB2-94BC-E555550C372E}.Release|Any CPU.ActiveCfg = Release|Any CPU
		{30AC0C28-66D8-4BB2-94BC-E555550C372E}.Release|Any CPU.Build.0 = Release|Any CPU
		{4E77628C-4432-4D34-9E12-CB9E6EFEB176}.Debug|Any CPU.ActiveCfg = Debug|Any CPU
		{4E77628C-4432-4D34-9E12-CB9E6EFEB176}.Debug|Any CPU.Build.0 = Debug|Any CPU
		{4E77628C-4432-4D34-9E12-CB9E6EFEB176}.Release|Any CPU.ActiveCfg = Release|Any CPU
		{4E77628C-4432-4D34-9E12-CB9E6EFEB176}.Release|Any CPU.Build.0 = Release|Any CPU
		{02CCE9E6-5027-4D5C-B59A-F48B5000BA13}.Debug|Any CPU.ActiveCfg = Debug|Any CPU
		{02CCE9E6-5027-4D5C-B59A-F48B5000BA13}.Debug|Any CPU.Build.0 = Debug|Any CPU
		{02CCE9E6-5027-4D5C-B59A-F48B5000BA13}.Release|Any CPU.ActiveCfg = Release|Any CPU
		{02CCE9E6-5027-4D5C-B59A-F48B5000BA13}.Release|Any CPU.Build.0 = Release|Any CPU
	EndGlobalSection
	GlobalSection(SolutionProperties) = preSolution
		HideSolutionNode = FALSE
	EndGlobalSection
	GlobalSection(NestedProjects) = preSolution
		{D119054F-6157-4A89-8EB8-E42A097C4646} = {7891417A-7D10-4F54-9AAE-ABD8C1E97DAB}
		{B8DB04B8-D8AF-4928-B73D-370C75BA25AB} = {D119054F-6157-4A89-8EB8-E42A097C4646}
		{E8762B01-8628-4D96-8998-379299B0DB72} = {B8DB04B8-D8AF-4928-B73D-370C75BA25AB}
		{8A83C560-EBD4-42BF-B892-F6A05D817211} = {D119054F-6157-4A89-8EB8-E42A097C4646}
		{6A651FB4-895D-4B18-BF21-FAC56536793F} = {7891417A-7D10-4F54-9AAE-ABD8C1E97DAB}
		{9911C21C-8B03-45A9-8E57-4FD6135FC594} = {7891417A-7D10-4F54-9AAE-ABD8C1E97DAB}
		{9F35AFA7-B518-4C22-89AC-773C10083446} = {6A651FB4-895D-4B18-BF21-FAC56536793F}
		{A92DC15D-BA06-427F-AAB6-A2D3ECD49591} = {6A651FB4-895D-4B18-BF21-FAC56536793F}
		{3756AB4B-31C3-46D3-8D04-E9FEB0C25CD6} = {9F35AFA7-B518-4C22-89AC-773C10083446}
		{DE3B9B1A-FE6C-4EE6-A640-73B678F36008} = {A92DC15D-BA06-427F-AAB6-A2D3ECD49591}
		{355B4B41-D2EC-449B-899F-DB8835C456E5} = {9911C21C-8B03-45A9-8E57-4FD6135FC594}
		{30AC0C28-66D8-4BB2-94BC-E555550C372E} = {9911C21C-8B03-45A9-8E57-4FD6135FC594}
		{4E77628C-4432-4D34-9E12-CB9E6EFEB176} = {8A83C560-EBD4-42BF-B892-F6A05D817211}
		{02CCE9E6-5027-4D5C-B59A-F48B5000BA13} = {8A83C560-EBD4-42BF-B892-F6A05D817211}
	EndGlobalSection
	GlobalSection(ExtensibilityGlobals) = postSolution
		SolutionGuid = {09CB21F1-66D3-44F1-AD99-FCEA3654E040}
	EndGlobalSection
EndGlobal
